
Microsoft Visual Studio Solution File, Format Version 12.00
# Visual Studio Version 17
VisualStudioVersion = 17.5.002.0
MinimumVisualStudioVersion = 10.0.40219.1
Project("{9A19103F-16F7-4668-BE54-9A1E7A4F7556}") = "dotnet-practice", "dotnet-practice.csproj", "{5ED89755-6C25-4853-B44C-463DDF486472}"
EndProject
Global
	GlobalSection(SolutionConfigurationPlatforms) = preSolution
		Debug|Any CPU = Debug|Any CPU
		Release|Any CPU = Release|Any CPU
	EndGlobalSection
	GlobalSection(ProjectConfigurationPlatforms) = postSolution
		{5ED89755-6C25-4853-B44C-463DDF486472}.Debug|Any CPU.ActiveCfg = Debug|Any CPU
		{5ED89755-6C25-4853-B44C-463DDF486472}.Debug|Any CPU.Build.0 = Debug|Any CPU
		{5ED89755-6C25-4853-B44C-463DDF486472}.Release|Any CPU.ActiveCfg = Release|Any CPU
		{5ED89755-6C25-4853-B44C-463DDF486472}.Release|Any CPU.Build.0 = Release|Any CPU
	EndGlobalSection
	GlobalSection(SolutionProperties) = preSolution
		HideSolutionNode = FALSE
	EndGlobalSection
	GlobalSection(ExtensibilityGlobals) = postSolution
		SolutionGuid = {279A797F-9ACC-4007-8028-160757A7D07A}
	EndGlobalSection
EndGlobal
